
Microsoft Visual Studio Solution File, Format Version 12.00
# Visual Studio Version 17
VisualStudioVersion = 17.10.35027.167
MinimumVisualStudioVersion = 10.0.40219.1
Project("{FAE04EC0-301F-11D3-BF4B-00C04F79EFBC}") = "Calculator Winform", "Calculator Winform\Calculator Winform.csproj", "{215B0061-CE93-4395-86AF-6140667C8218}"
EndProject
Project("{FAE04EC0-301F-11D3-BF4B-00C04F79EFBC}") = "Math Expression Evaluator", "Math Expression Evaluator\Math Expression Evaluator.csproj", "{8369CCFB-1109-4A98-AE4C-0436E7C06E5B}"
EndProject
Global
	GlobalSection(SolutionConfigurationPlatforms) = preSolution
		Debug|Any CPU = Debug|Any CPU
		Release|Any CPU = Release|Any CPU
	EndGlobalSection
	GlobalSection(ProjectConfigurationPlatforms) = postSolution
		{215B0061-CE93-4395-86AF-6140667C8218}.Debug|Any CPU.ActiveCfg = Debug|Any CPU
		{215B0061-CE93-4395-86AF-6140667C8218}.Debug|Any CPU.Build.0 = Debug|Any CPU
		{215B0061-CE93-4395-86AF-6140667C8218}.Release|Any CPU.ActiveCfg = Release|Any CPU
		{215B0061-CE93-4395-86AF-6140667C8218}.Release|Any CPU.Build.0 = Release|Any CPU
		{8369CCFB-1109-4A98-AE4C-0436E7C06E5B}.Debug|Any CPU.ActiveCfg = Debug|Any CPU
		{8369CCFB-1109-4A98-AE4C-0436E7C06E5B}.Debug|Any CPU.Build.0 = Debug|Any CPU
		{8369CCFB-1109-4A98-AE4C-0436E7C06E5B}.Release|Any CPU.ActiveCfg = Release|Any CPU
		{8369CCFB-1109-4A98-AE4C-0436E7C06E5B}.Release|Any CPU.Build.0 = Release|Any CPU
	EndGlobalSection
	GlobalSection(SolutionProperties) = preSolution
		HideSolutionNode = FALSE
	EndGlobalSection
	GlobalSection(ExtensibilityGlobals) = postSolution
		SolutionGuid = {FB30B022-842F-4DE9-89BA-458C3D26AA93}
	EndGlobalSection
EndGlobal
